
Microsoft Visual Studio Solution File, Format Version 12.00
# Visual Studio Version 17
VisualStudioVersion = 17.11.35303.130
MinimumVisualStudioVersion = 10.0.40219.1
Project("{FAE04EC0-301F-11D3-BF4B-00C04F79EFBC}") = "Voorbeeld", "Voorbeeld\Voorbeeld.csproj", "{29CE94CC-9899-4BAA-AD5C-B8D10D870B79}"
EndProject
Global
	GlobalSection(SolutionConfigurationPlatforms) = preSolution
		Debug|Any CPU = Debug|Any CPU
		Release|Any CPU = Release|Any CPU
	EndGlobalSection
	GlobalSection(ProjectConfigurationPlatforms) = postSolution
		{29CE94CC-9899-4BAA-AD5C-B8D10D870B79}.Debug|Any CPU.ActiveCfg = Debug|Any CPU
		{29CE94CC-9899-4BAA-AD5C-B8D10D870B79}.Debug|Any CPU.Build.0 = Debug|Any CPU
		{29CE94CC-9899-4BAA-AD5C-B8D10D870B79}.Release|Any CPU.ActiveCfg = Release|Any CPU
		{29CE94CC-9899-4BAA-AD5C-B8D10D870B79}.Release|Any CPU.Build.0 = Release|Any CPU
	EndGlobalSection
	GlobalSection(SolutionProperties) = preSolution
		HideSolutionNode = FALSE
	EndGlobalSection
	GlobalSection(ExtensibilityGlobals) = postSolution
		SolutionGuid = {B1242B45-EB25-4F3F-B0ED-03E8A071CEE7}
	EndGlobalSection
EndGlobal
